
Microsoft Visual Studio Solution File, Format Version 12.00
Project("{FAE04EC0-301F-11D3-BF4B-00C04F79EFBC}") = "Web", "Web\Web.csproj", "{9A1897D8-8228-4D78-8CCD-066ABA4ED2E1}"
EndProject
Project("{FAE04EC0-301F-11D3-BF4B-00C04F79EFBC}") = "Domain", "Domain\Domain.csproj", "{75D88375-37DA-4A47-BA88-B8F95C20D254}"
EndProject
Project("{2150E333-8FDC-42A3-9474-1A3956D46DE8}") = "Adapters", "Adapters", "{2387B08C-459F-4BB2-9298-8C8B71D682AA}"
EndProject
Project("{2150E333-8FDC-42A3-9474-1A3956D46DE8}") = "Driving", "Driving", "{706461AF-A495-4630-B3E3-F894DCC95F94}"
EndProject
Project("{2150E333-8FDC-42A3-9474-1A3956D46DE8}") = "Driven", "Driven", "{3D8B42F9-E468-473A-8680-443E4645EC93}"
EndProject
Project("{2150E333-8FDC-42A3-9474-1A3956D46DE8}") = "Core", "Core", "{8D3474C6-595C-4D09-831E-AEBD4ED48A63}"
EndProject
Project("{FAE04EC0-301F-11D3-BF4B-00C04F79EFBC}") = "Application", "Application\Application.csproj", "{8BDEF7F6-4EA9-4AF5-953B-E795D2403A29}"
EndProject
Project("{FAE04EC0-301F-11D3-BF4B-00C04F79EFBC}") = "Infra", "Infra\Infra.csproj", "{A1A41B53-F4B4-4541-B3AE-1D61F42287E6}"
EndProject
Project("{2150E333-8FDC-42A3-9474-1A3956D46DE8}") = "Shared", "Shared", "{6589C1D0-3647-4DEB-8AC2-AA743E3AA977}"
EndProject
Project("{FAE04EC0-301F-11D3-BF4B-00C04F79EFBC}") = "DTOs", "DTOs\DTOs.csproj", "{ECFEE4E4-8A54-403F-BF23-C5976ADC8535}"
EndProject
Global
	GlobalSection(SolutionConfigurationPlatforms) = preSolution
		Debug|Any CPU = Debug|Any CPU
		Release|Any CPU = Release|Any CPU
	EndGlobalSection
	GlobalSection(ProjectConfigurationPlatforms) = postSolution
		{9A1897D8-8228-4D78-8CCD-066ABA4ED2E1}.Debug|Any CPU.ActiveCfg = Debug|Any CPU
		{9A1897D8-8228-4D78-8CCD-066ABA4ED2E1}.Debug|Any CPU.Build.0 = Debug|Any CPU
		{9A1897D8-8228-4D78-8CCD-066ABA4ED2E1}.Release|Any CPU.ActiveCfg = Release|Any CPU
		{9A1897D8-8228-4D78-8CCD-066ABA4ED2E1}.Release|Any CPU.Build.0 = Release|Any CPU
		{75D88375-37DA-4A47-BA88-B8F95C20D254}.Debug|Any CPU.ActiveCfg = Debug|Any CPU
		{75D88375-37DA-4A47-BA88-B8F95C20D254}.Debug|Any CPU.Build.0 = Debug|Any CPU
		{75D88375-37DA-4A47-BA88-B8F95C20D254}.Release|Any CPU.ActiveCfg = Release|Any CPU
		{75D88375-37DA-4A47-BA88-B8F95C20D254}.Release|Any CPU.Build.0 = Release|Any CPU
		{8BDEF7F6-4EA9-4AF5-953B-E795D2403A29}.Debug|Any CPU.ActiveCfg = Debug|Any CPU
		{8BDEF7F6-4EA9-4AF5-953B-E795D2403A29}.Debug|Any CPU.Build.0 = Debug|Any CPU
		{8BDEF7F6-4EA9-4AF5-953B-E795D2403A29}.Release|Any CPU.ActiveCfg = Release|Any CPU
		{8BDEF7F6-4EA9-4AF5-953B-E795D2403A29}.Release|Any CPU.Build.0 = Release|Any CPU
		{A1A41B53-F4B4-4541-B3AE-1D61F42287E6}.Debug|Any CPU.ActiveCfg = Debug|Any CPU
		{A1A41B53-F4B4-4541-B3AE-1D61F42287E6}.Debug|Any CPU.Build.0 = Debug|Any CPU
		{A1A41B53-F4B4-4541-B3AE-1D61F42287E6}.Release|Any CPU.ActiveCfg = Release|Any CPU
		{A1A41B53-F4B4-4541-B3AE-1D61F42287E6}.Release|Any CPU.Build.0 = Release|Any CPU
		{ECFEE4E4-8A54-403F-BF23-C5976ADC8535}.Debug|Any CPU.ActiveCfg = Debug|Any CPU
		{ECFEE4E4-8A54-403F-BF23-C5976ADC8535}.Debug|Any CPU.Build.0 = Debug|Any CPU
		{ECFEE4E4-8A54-403F-BF23-C5976ADC8535}.Release|Any CPU.ActiveCfg = Release|Any CPU
		{ECFEE4E4-8A54-403F-BF23-C5976ADC8535}.Release|Any CPU.Build.0 = Release|Any CPU
	EndGlobalSection
	GlobalSection(NestedProjects) = preSolution
		{706461AF-A495-4630-B3E3-F894DCC95F94} = {2387B08C-459F-4BB2-9298-8C8B71D682AA}
		{9A1897D8-8228-4D78-8CCD-066ABA4ED2E1} = {706461AF-A495-4630-B3E3-F894DCC95F94}
		{3D8B42F9-E468-473A-8680-443E4645EC93} = {2387B08C-459F-4BB2-9298-8C8B71D682AA}
		{75D88375-37DA-4A47-BA88-B8F95C20D254} = {8D3474C6-595C-4D09-831E-AEBD4ED48A63}
		{8BDEF7F6-4EA9-4AF5-953B-E795D2403A29} = {8D3474C6-595C-4D09-831E-AEBD4ED48A63}
		{A1A41B53-F4B4-4541-B3AE-1D61F42287E6} = {3D8B42F9-E468-473A-8680-443E4645EC93}
		{ECFEE4E4-8A54-403F-BF23-C5976ADC8535} = {6589C1D0-3647-4DEB-8AC2-AA743E3AA977}
	EndGlobalSection
EndGlobal
